
Microsoft Visual Studio Solution File, Format Version 12.00
# Visual Studio Version 17
VisualStudioVersion = 17.0.31717.71
MinimumVisualStudioVersion = 10.0.40219.1
Project("{9A19103F-16F7-4668-BE54-9A1E7A4F7556}") = "LojaMargun-Application", "LojaMargun-Application\LojaMargun-Application.csproj", "{4A2645DE-3430-46FC-A779-EA8E05C8C78E}"
EndProject
Project("{9A19103F-16F7-4668-BE54-9A1E7A4F7556}") = "LojaMargun-Domain", "LojaMargun-Domain\LojaMargun-Domain.csproj", "{2F0D851F-CE75-4C07-8716-31DFCE20AAFC}"
EndProject
Project("{9A19103F-16F7-4668-BE54-9A1E7A4F7556}") = "LojaMargun-Infrastructure", "LojaMargun-Infrastructure\LojaMargun-Infrastructure.csproj", "{FE3A8E4B-367B-4147-8531-02FF2A67B87E}"
EndProject
Project("{9A19103F-16F7-4668-BE54-9A1E7A4F7556}") = "LojaMargun-API", "LojaMargun-API\LojaMargun-API.csproj", "{2BB7D132-6A7E-42D0-B237-90F9F47C7A79}"
EndProject
Project("{FAE04EC0-301F-11D3-BF4B-00C04F79EFBC}") = "LojaMargun-Infra-CrossCutting", "LojaMargun-Infra-CrossCutting\LojaMargun-Infra-CrossCutting.csproj", "{9B25C7FA-53A5-44DA-BB34-AEA0C292B5C2}"
EndProject
Global
	GlobalSection(SolutionConfigurationPlatforms) = preSolution
		Debug|Any CPU = Debug|Any CPU
		Release|Any CPU = Release|Any CPU
	EndGlobalSection
	GlobalSection(ProjectConfigurationPlatforms) = postSolution
		{4A2645DE-3430-46FC-A779-EA8E05C8C78E}.Debug|Any CPU.ActiveCfg = Debug|Any CPU
		{4A2645DE-3430-46FC-A779-EA8E05C8C78E}.Debug|Any CPU.Build.0 = Debug|Any CPU
		{4A2645DE-3430-46FC-A779-EA8E05C8C78E}.Release|Any CPU.ActiveCfg = Release|Any CPU
		{4A2645DE-3430-46FC-A779-EA8E05C8C78E}.Release|Any CPU.Build.0 = Release|Any CPU
		{2F0D851F-CE75-4C07-8716-31DFCE20AAFC}.Debug|Any CPU.ActiveCfg = Debug|Any CPU
		{2F0D851F-CE75-4C07-8716-31DFCE20AAFC}.Debug|Any CPU.Build.0 = Debug|Any CPU
		{2F0D851F-CE75-4C07-8716-31DFCE20AAFC}.Release|Any CPU.ActiveCfg = Release|Any CPU
		{2F0D851F-CE75-4C07-8716-31DFCE20AAFC}.Release|Any CPU.Build.0 = Release|Any CPU
		{FE3A8E4B-367B-4147-8531-02FF2A67B87E}.Debug|Any CPU.ActiveCfg = Debug|Any CPU
		{FE3A8E4B-367B-4147-8531-02FF2A67B87E}.Debug|Any CPU.Build.0 = Debug|Any CPU
		{FE3A8E4B-367B-4147-8531-02FF2A67B87E}.Release|Any CPU.ActiveCfg = Release|Any CPU
		{FE3A8E4B-367B-4147-8531-02FF2A67B87E}.Release|Any CPU.Build.0 = Release|Any CPU
		{2BB7D132-6A7E-42D0-B237-90F9F47C7A79}.Debug|Any CPU.ActiveCfg = Debug|Any CPU
		{2BB7D132-6A7E-42D0-B237-90F9F47C7A79}.Debug|Any CPU.Build.0 = Debug|Any CPU
		{2BB7D132-6A7E-42D0-B237-90F9F47C7A79}.Release|Any CPU.ActiveCfg = Release|Any CPU
		{2BB7D132-6A7E-42D0-B237-90F9F47C7A79}.Release|Any CPU.Build.0 = Release|Any CPU
		{9B25C7FA-53A5-44DA-BB34-AEA0C292B5C2}.Debug|Any CPU.ActiveCfg = Debug|Any CPU
		{9B25C7FA-53A5-44DA-BB34-AEA0C292B5C2}.Debug|Any CPU.Build.0 = Debug|Any CPU
		{9B25C7FA-53A5-44DA-BB34-AEA0C292B5C2}.Release|Any CPU.ActiveCfg = Release|Any CPU
		{9B25C7FA-53A5-44DA-BB34-AEA0C292B5C2}.Release|Any CPU.Build.0 = Release|Any CPU
	EndGlobalSection
	GlobalSection(SolutionProperties) = preSolution
		HideSolutionNode = FALSE
	EndGlobalSection
	GlobalSection(ExtensibilityGlobals) = postSolution
		SolutionGuid = {23EA797C-2820-40EF-9189-452E2868102E}
	EndGlobalSection
EndGlobal
